
Microsoft Visual Studio Solution File, Format Version 12.00
# Visual Studio Version 17
VisualStudioVersion = 17.4.33205.214
MinimumVisualStudioVersion = 10.0.40219.1
Project("{FAE04EC0-301F-11D3-BF4B-00C04F79EFBC}") = "TriviaBotApi", "TriviaBotApi\TriviaBotApi.csproj", "{EE7F7E1A-A41E-4890-867D-F0A5C53319A0}"
EndProject
Global
	GlobalSection(SolutionConfigurationPlatforms) = preSolution
		Debug|Any CPU = Debug|Any CPU
		Release|Any CPU = Release|Any CPU
	EndGlobalSection
	GlobalSection(ProjectConfigurationPlatforms) = postSolution
		{EE7F7E1A-A41E-4890-867D-F0A5C53319A0}.Debug|Any CPU.ActiveCfg = Debug|Any CPU
		{EE7F7E1A-A41E-4890-867D-F0A5C53319A0}.Debug|Any CPU.Build.0 = Debug|Any CPU
		{EE7F7E1A-A41E-4890-867D-F0A5C53319A0}.Release|Any CPU.ActiveCfg = Release|Any CPU
		{EE7F7E1A-A41E-4890-867D-F0A5C53319A0}.Release|Any CPU.Build.0 = Release|Any CPU
	EndGlobalSection
	GlobalSection(SolutionProperties) = preSolution
		HideSolutionNode = FALSE
	EndGlobalSection
	GlobalSection(ExtensibilityGlobals) = postSolution
		SolutionGuid = {ED6BD00A-6FDE-439D-AE94-C6D3AD1DDFB3}
	EndGlobalSection
EndGlobal
